
Microsoft Visual Studio Solution File, Format Version 12.00
# Visual Studio 14
VisualStudioVersion = 14.0.25420.1
MinimumVisualStudioVersion = 10.0.40219.1
Project("{F14B399A-7131-4C87-9E4B-1186C45EF12D}") = "AP_INVOICES", "AP_INVOICES\AP_INVOICES.rptproj", "{310572BC-6FA5-48D3-81B9-170C45CA2E8B}"
EndProject
Global
	GlobalSection(SolutionConfigurationPlatforms) = preSolution
		Debug|Default = Debug|Default
		DebugLocal|Default = DebugLocal|Default
		Release|Default = Release|Default
	EndGlobalSection
	GlobalSection(ProjectConfigurationPlatforms) = postSolution
		{310572BC-6FA5-48D3-81B9-170C45CA2E8B}.Debug|Default.ActiveCfg = Debug
		{310572BC-6FA5-48D3-81B9-170C45CA2E8B}.Debug|Default.Build.0 = Debug
		{310572BC-6FA5-48D3-81B9-170C45CA2E8B}.Debug|Default.Deploy.0 = Debug
		{310572BC-6FA5-48D3-81B9-170C45CA2E8B}.DebugLocal|Default.ActiveCfg = DebugLocal
		{310572BC-6FA5-48D3-81B9-170C45CA2E8B}.DebugLocal|Default.Build.0 = DebugLocal
		{310572BC-6FA5-48D3-81B9-170C45CA2E8B}.Release|Default.ActiveCfg = Release
		{310572BC-6FA5-48D3-81B9-170C45CA2E8B}.Release|Default.Build.0 = Release
		{310572BC-6FA5-48D3-81B9-170C45CA2E8B}.Release|Default.Deploy.0 = Release
	EndGlobalSection
	GlobalSection(SolutionProperties) = preSolution
		HideSolutionNode = FALSE
	EndGlobalSection
EndGlobal
