
Microsoft Visual Studio Solution File, Format Version 12.00
# Visual Studio 14
VisualStudioVersion = 14.0.25420.1
MinimumVisualStudioVersion = 10.0.40219.1
Project("{F14B399A-7131-4C87-9E4B-1186C45EF12D}") = "MHU_TEAMSHEET_SINGLE", "MHU_TEAMSHEET_SINGLE\MHU_TEAMSHEET_SINGLE.rptproj", "{4CA1CC8F-961D-4E0B-B79D-18E9FD3F3E68}"
EndProject
Global
	GlobalSection(SolutionConfigurationPlatforms) = preSolution
		Debug|Default = Debug|Default
		DebugLocal|Default = DebugLocal|Default
		Release|Default = Release|Default
	EndGlobalSection
	GlobalSection(ProjectConfigurationPlatforms) = postSolution
		{4CA1CC8F-961D-4E0B-B79D-18E9FD3F3E68}.Debug|Default.ActiveCfg = Debug
		{4CA1CC8F-961D-4E0B-B79D-18E9FD3F3E68}.Debug|Default.Build.0 = Debug
		{4CA1CC8F-961D-4E0B-B79D-18E9FD3F3E68}.Debug|Default.Deploy.0 = Debug
		{4CA1CC8F-961D-4E0B-B79D-18E9FD3F3E68}.DebugLocal|Default.ActiveCfg = DebugLocal
		{4CA1CC8F-961D-4E0B-B79D-18E9FD3F3E68}.DebugLocal|Default.Build.0 = DebugLocal
		{4CA1CC8F-961D-4E0B-B79D-18E9FD3F3E68}.Release|Default.ActiveCfg = Release
		{4CA1CC8F-961D-4E0B-B79D-18E9FD3F3E68}.Release|Default.Build.0 = Release
		{4CA1CC8F-961D-4E0B-B79D-18E9FD3F3E68}.Release|Default.Deploy.0 = Release
	EndGlobalSection
	GlobalSection(SolutionProperties) = preSolution
		HideSolutionNode = FALSE
	EndGlobalSection
EndGlobal
