
Microsoft Visual Studio Solution File, Format Version 12.00
# Visual Studio 14
VisualStudioVersion = 14.0.25420.1
MinimumVisualStudioVersion = 10.0.40219.1
Project("{F14B399A-7131-4C87-9E4B-1186C45EF12D}") = "SCH_AUTHORIZATIONS", "SCH_AUTHORIZATIONS\SCH_AUTHORIZATIONS.rptproj", "{D8437A28-78B7-4365-9CF7-B107852DA2CF}"
EndProject
Global
	GlobalSection(SolutionConfigurationPlatforms) = preSolution
		Debug|Default = Debug|Default
		DebugLocal|Default = DebugLocal|Default
		Release|Default = Release|Default
	EndGlobalSection
	GlobalSection(ProjectConfigurationPlatforms) = postSolution
		{D8437A28-78B7-4365-9CF7-B107852DA2CF}.Debug|Default.ActiveCfg = Debug
		{D8437A28-78B7-4365-9CF7-B107852DA2CF}.Debug|Default.Build.0 = Debug
		{D8437A28-78B7-4365-9CF7-B107852DA2CF}.Debug|Default.Deploy.0 = Debug
		{D8437A28-78B7-4365-9CF7-B107852DA2CF}.DebugLocal|Default.ActiveCfg = DebugLocal
		{D8437A28-78B7-4365-9CF7-B107852DA2CF}.DebugLocal|Default.Build.0 = DebugLocal
		{D8437A28-78B7-4365-9CF7-B107852DA2CF}.Release|Default.ActiveCfg = Release
		{D8437A28-78B7-4365-9CF7-B107852DA2CF}.Release|Default.Build.0 = Release
		{D8437A28-78B7-4365-9CF7-B107852DA2CF}.Release|Default.Deploy.0 = Release
	EndGlobalSection
	GlobalSection(SolutionProperties) = preSolution
		HideSolutionNode = FALSE
	EndGlobalSection
EndGlobal
