
Microsoft Visual Studio Solution File, Format Version 12.00
# Visual Studio 14
VisualStudioVersion = 14.0.25420.1
MinimumVisualStudioVersion = 10.0.40219.1
Project("{F14B399A-7131-4C87-9E4B-1186C45EF12D}") = "PP_TermEmployeesByStatusDate", "PP_TermEmployeesByStatusDate\PP_TermEmployeesByStatusDate.rptproj", "{47246AC7-D7F1-40D7-A472-0E1863B1D87F}"
EndProject
Global
	GlobalSection(SolutionConfigurationPlatforms) = preSolution
		Debug|Default = Debug|Default
		DebugLocal|Default = DebugLocal|Default
		Release|Default = Release|Default
	EndGlobalSection
	GlobalSection(ProjectConfigurationPlatforms) = postSolution
		{47246AC7-D7F1-40D7-A472-0E1863B1D87F}.Debug|Default.ActiveCfg = Debug
		{47246AC7-D7F1-40D7-A472-0E1863B1D87F}.Debug|Default.Build.0 = Debug
		{47246AC7-D7F1-40D7-A472-0E1863B1D87F}.Debug|Default.Deploy.0 = Debug
		{47246AC7-D7F1-40D7-A472-0E1863B1D87F}.DebugLocal|Default.ActiveCfg = DebugLocal
		{47246AC7-D7F1-40D7-A472-0E1863B1D87F}.DebugLocal|Default.Build.0 = DebugLocal
		{47246AC7-D7F1-40D7-A472-0E1863B1D87F}.Release|Default.ActiveCfg = Release
		{47246AC7-D7F1-40D7-A472-0E1863B1D87F}.Release|Default.Build.0 = Release
		{47246AC7-D7F1-40D7-A472-0E1863B1D87F}.Release|Default.Deploy.0 = Release
	EndGlobalSection
	GlobalSection(SolutionProperties) = preSolution
		HideSolutionNode = FALSE
	EndGlobalSection
EndGlobal
