
Microsoft Visual Studio Solution File, Format Version 12.00
# Visual Studio 14
VisualStudioVersion = 14.0.25420.1
MinimumVisualStudioVersion = 10.0.40219.1
Project("{F14B399A-7131-4C87-9E4B-1186C45EF12D}") = "NewBornPlusMother_RunByDate", "NewBornPlusMother_RunByDate\NewBornPlusMother_RunByDate.rptproj", "{D47942DF-0357-4F6D-8FA3-B9F5FCE5FB55}"
EndProject
Global
	GlobalSection(SolutionConfigurationPlatforms) = preSolution
		Debug|Default = Debug|Default
		DebugLocal|Default = DebugLocal|Default
		Release|Default = Release|Default
	EndGlobalSection
	GlobalSection(ProjectConfigurationPlatforms) = postSolution
		{D47942DF-0357-4F6D-8FA3-B9F5FCE5FB55}.Debug|Default.ActiveCfg = Debug
		{D47942DF-0357-4F6D-8FA3-B9F5FCE5FB55}.Debug|Default.Build.0 = Debug
		{D47942DF-0357-4F6D-8FA3-B9F5FCE5FB55}.Debug|Default.Deploy.0 = Debug
		{D47942DF-0357-4F6D-8FA3-B9F5FCE5FB55}.DebugLocal|Default.ActiveCfg = DebugLocal
		{D47942DF-0357-4F6D-8FA3-B9F5FCE5FB55}.DebugLocal|Default.Build.0 = DebugLocal
		{D47942DF-0357-4F6D-8FA3-B9F5FCE5FB55}.Release|Default.ActiveCfg = Release
		{D47942DF-0357-4F6D-8FA3-B9F5FCE5FB55}.Release|Default.Build.0 = Release
		{D47942DF-0357-4F6D-8FA3-B9F5FCE5FB55}.Release|Default.Deploy.0 = Release
	EndGlobalSection
	GlobalSection(SolutionProperties) = preSolution
		HideSolutionNode = FALSE
	EndGlobalSection
EndGlobal
