
Microsoft Visual Studio Solution File, Format Version 12.00
# Visual Studio 14
VisualStudioVersion = 14.0.25420.1
MinimumVisualStudioVersion = 10.0.40219.1
Project("{F14B399A-7131-4C87-9E4B-1186C45EF12D}") = "MHU_TeamSheet", "MHU_TeamSheet\MHU_TeamSheet.rptproj", "{B6431C00-8858-4400-8EEE-C18672B7AB17}"
EndProject
Global
	GlobalSection(SolutionConfigurationPlatforms) = preSolution
		Debug|Default = Debug|Default
		DebugLocal|Default = DebugLocal|Default
		Release|Default = Release|Default
	EndGlobalSection
	GlobalSection(ProjectConfigurationPlatforms) = postSolution
		{B6431C00-8858-4400-8EEE-C18672B7AB17}.Debug|Default.ActiveCfg = Debug
		{B6431C00-8858-4400-8EEE-C18672B7AB17}.Debug|Default.Build.0 = Debug
		{B6431C00-8858-4400-8EEE-C18672B7AB17}.Debug|Default.Deploy.0 = Debug
		{B6431C00-8858-4400-8EEE-C18672B7AB17}.DebugLocal|Default.ActiveCfg = DebugLocal
		{B6431C00-8858-4400-8EEE-C18672B7AB17}.DebugLocal|Default.Build.0 = DebugLocal
		{B6431C00-8858-4400-8EEE-C18672B7AB17}.Release|Default.ActiveCfg = Release
		{B6431C00-8858-4400-8EEE-C18672B7AB17}.Release|Default.Build.0 = Release
		{B6431C00-8858-4400-8EEE-C18672B7AB17}.Release|Default.Deploy.0 = Release
	EndGlobalSection
	GlobalSection(SolutionProperties) = preSolution
		HideSolutionNode = FALSE
	EndGlobalSection
EndGlobal
