
Microsoft Visual Studio Solution File, Format Version 12.00
# Visual Studio 14
VisualStudioVersion = 14.0.25420.1
MinimumVisualStudioVersion = 10.0.40219.1
Project("{F14B399A-7131-4C87-9E4B-1186C45EF12D}") = "PayrollData_Shilpa", "PayrollData_Shilpa\PayrollData_Shilpa.rptproj", "{B7A822E0-2E43-4374-B095-4147A59D7B3D}"
EndProject
Global
	GlobalSection(SolutionConfigurationPlatforms) = preSolution
		Debug|Default = Debug|Default
		DebugLocal|Default = DebugLocal|Default
		Release|Default = Release|Default
	EndGlobalSection
	GlobalSection(ProjectConfigurationPlatforms) = postSolution
		{B7A822E0-2E43-4374-B095-4147A59D7B3D}.Debug|Default.ActiveCfg = Debug
		{B7A822E0-2E43-4374-B095-4147A59D7B3D}.Debug|Default.Build.0 = Debug
		{B7A822E0-2E43-4374-B095-4147A59D7B3D}.Debug|Default.Deploy.0 = Debug
		{B7A822E0-2E43-4374-B095-4147A59D7B3D}.DebugLocal|Default.ActiveCfg = DebugLocal
		{B7A822E0-2E43-4374-B095-4147A59D7B3D}.DebugLocal|Default.Build.0 = DebugLocal
		{B7A822E0-2E43-4374-B095-4147A59D7B3D}.Release|Default.ActiveCfg = Release
		{B7A822E0-2E43-4374-B095-4147A59D7B3D}.Release|Default.Build.0 = Release
		{B7A822E0-2E43-4374-B095-4147A59D7B3D}.Release|Default.Deploy.0 = Release
	EndGlobalSection
	GlobalSection(SolutionProperties) = preSolution
		HideSolutionNode = FALSE
	EndGlobalSection
EndGlobal
