
Microsoft Visual Studio Solution File, Format Version 12.00
# Visual Studio 14
VisualStudioVersion = 14.0.25420.1
MinimumVisualStudioVersion = 10.0.40219.1
Project("{F14B399A-7131-4C87-9E4B-1186C45EF12D}") = "INFECTION-CONTROL_CentralLineDays", "INFECTION-CONTROL_CentralLineDays\INFECTION-CONTROL_CentralLineDays.rptproj", "{46D695C5-2021-4E2D-9B66-E9927DBBED1A}"
EndProject
Global
	GlobalSection(SolutionConfigurationPlatforms) = preSolution
		Debug|Default = Debug|Default
		DebugLocal|Default = DebugLocal|Default
		Release|Default = Release|Default
	EndGlobalSection
	GlobalSection(ProjectConfigurationPlatforms) = postSolution
		{46D695C5-2021-4E2D-9B66-E9927DBBED1A}.Debug|Default.ActiveCfg = Debug
		{46D695C5-2021-4E2D-9B66-E9927DBBED1A}.Debug|Default.Build.0 = Debug
		{46D695C5-2021-4E2D-9B66-E9927DBBED1A}.Debug|Default.Deploy.0 = Debug
		{46D695C5-2021-4E2D-9B66-E9927DBBED1A}.DebugLocal|Default.ActiveCfg = DebugLocal
		{46D695C5-2021-4E2D-9B66-E9927DBBED1A}.DebugLocal|Default.Build.0 = DebugLocal
		{46D695C5-2021-4E2D-9B66-E9927DBBED1A}.Release|Default.ActiveCfg = Release
		{46D695C5-2021-4E2D-9B66-E9927DBBED1A}.Release|Default.Build.0 = Release
		{46D695C5-2021-4E2D-9B66-E9927DBBED1A}.Release|Default.Deploy.0 = Release
	EndGlobalSection
	GlobalSection(SolutionProperties) = preSolution
		HideSolutionNode = FALSE
	EndGlobalSection
EndGlobal
