
Microsoft Visual Studio Solution File, Format Version 12.00
# Visual Studio 14
VisualStudioVersion = 14.0.25420.1
MinimumVisualStudioVersion = 10.0.40219.1
Project("{F14B399A-7131-4C87-9E4B-1186C45EF12D}") = "CTC_NoCharges", "CTC_NoCharges\CTC_NoCharges.rptproj", "{F5CB6784-8E0F-4DD5-9120-5DECB36CE934}"
EndProject
Global
	GlobalSection(SolutionConfigurationPlatforms) = preSolution
		Debug|Default = Debug|Default
		DebugLocal|Default = DebugLocal|Default
		Release|Default = Release|Default
	EndGlobalSection
	GlobalSection(ProjectConfigurationPlatforms) = postSolution
		{F5CB6784-8E0F-4DD5-9120-5DECB36CE934}.Debug|Default.ActiveCfg = Debug
		{F5CB6784-8E0F-4DD5-9120-5DECB36CE934}.Debug|Default.Build.0 = Debug
		{F5CB6784-8E0F-4DD5-9120-5DECB36CE934}.Debug|Default.Deploy.0 = Debug
		{F5CB6784-8E0F-4DD5-9120-5DECB36CE934}.DebugLocal|Default.ActiveCfg = DebugLocal
		{F5CB6784-8E0F-4DD5-9120-5DECB36CE934}.DebugLocal|Default.Build.0 = DebugLocal
		{F5CB6784-8E0F-4DD5-9120-5DECB36CE934}.Release|Default.ActiveCfg = Release
		{F5CB6784-8E0F-4DD5-9120-5DECB36CE934}.Release|Default.Build.0 = Release
		{F5CB6784-8E0F-4DD5-9120-5DECB36CE934}.Release|Default.Deploy.0 = Release
	EndGlobalSection
	GlobalSection(SolutionProperties) = preSolution
		HideSolutionNode = FALSE
	EndGlobalSection
EndGlobal
