
Microsoft Visual Studio Solution File, Format Version 12.00
# Visual Studio 14
VisualStudioVersion = 14.0.25420.1
MinimumVisualStudioVersion = 10.0.40219.1
Project("{F14B399A-7131-4C87-9E4B-1186C45EF12D}") = "PP_BenefitTimePaid", "Report Project3\PP_BenefitTimePaid.rptproj", "{75471E30-864E-40E2-BF25-A5F2B4D94A1E}"
EndProject
Global
	GlobalSection(SolutionConfigurationPlatforms) = preSolution
		Debug|Default = Debug|Default
		DebugLocal|Default = DebugLocal|Default
		Release|Default = Release|Default
	EndGlobalSection
	GlobalSection(ProjectConfigurationPlatforms) = postSolution
		{75471E30-864E-40E2-BF25-A5F2B4D94A1E}.Debug|Default.ActiveCfg = Debug
		{75471E30-864E-40E2-BF25-A5F2B4D94A1E}.Debug|Default.Build.0 = Debug
		{75471E30-864E-40E2-BF25-A5F2B4D94A1E}.Debug|Default.Deploy.0 = Debug
		{75471E30-864E-40E2-BF25-A5F2B4D94A1E}.DebugLocal|Default.ActiveCfg = DebugLocal
		{75471E30-864E-40E2-BF25-A5F2B4D94A1E}.DebugLocal|Default.Build.0 = DebugLocal
		{75471E30-864E-40E2-BF25-A5F2B4D94A1E}.Release|Default.ActiveCfg = Release
		{75471E30-864E-40E2-BF25-A5F2B4D94A1E}.Release|Default.Build.0 = Release
		{75471E30-864E-40E2-BF25-A5F2B4D94A1E}.Release|Default.Deploy.0 = Release
	EndGlobalSection
	GlobalSection(SolutionProperties) = preSolution
		HideSolutionNode = FALSE
	EndGlobalSection
EndGlobal
