
Microsoft Visual Studio Solution File, Format Version 12.00
# Visual Studio 14
VisualStudioVersion = 14.0.25420.1
MinimumVisualStudioVersion = 10.0.40219.1
Project("{F14B399A-7131-4C87-9E4B-1186C45EF12D}") = "InfectionControl_AntibioticReaction", "InfectionControl_AntibioticReaction\InfectionControl_AntibioticReaction.rptproj", "{A50AD519-0DC9-4C7C-A3BB-570D030B3502}"
EndProject
Global
	GlobalSection(SolutionConfigurationPlatforms) = preSolution
		Debug|Default = Debug|Default
		DebugLocal|Default = DebugLocal|Default
		Release|Default = Release|Default
	EndGlobalSection
	GlobalSection(ProjectConfigurationPlatforms) = postSolution
		{A50AD519-0DC9-4C7C-A3BB-570D030B3502}.Debug|Default.ActiveCfg = Debug
		{A50AD519-0DC9-4C7C-A3BB-570D030B3502}.Debug|Default.Build.0 = Debug
		{A50AD519-0DC9-4C7C-A3BB-570D030B3502}.Debug|Default.Deploy.0 = Debug
		{A50AD519-0DC9-4C7C-A3BB-570D030B3502}.DebugLocal|Default.ActiveCfg = DebugLocal
		{A50AD519-0DC9-4C7C-A3BB-570D030B3502}.DebugLocal|Default.Build.0 = DebugLocal
		{A50AD519-0DC9-4C7C-A3BB-570D030B3502}.Release|Default.ActiveCfg = Release
		{A50AD519-0DC9-4C7C-A3BB-570D030B3502}.Release|Default.Build.0 = Release
		{A50AD519-0DC9-4C7C-A3BB-570D030B3502}.Release|Default.Deploy.0 = Release
	EndGlobalSection
	GlobalSection(SolutionProperties) = preSolution
		HideSolutionNode = FALSE
	EndGlobalSection
EndGlobal
