
Microsoft Visual Studio Solution File, Format Version 12.00
# Visual Studio 14
VisualStudioVersion = 14.0.25420.1
MinimumVisualStudioVersion = 10.0.40219.1
Project("{F14B399A-7131-4C87-9E4B-1186C45EF12D}") = "PatientGuarantorAddressDifferent", "Report Project1\PatientGuarantorAddressDifferent.rptproj", "{4100FE32-35B5-4299-96E5-1218E032D793}"
EndProject
Global
	GlobalSection(SolutionConfigurationPlatforms) = preSolution
		Debug|Default = Debug|Default
		DebugLocal|Default = DebugLocal|Default
		Release|Default = Release|Default
	EndGlobalSection
	GlobalSection(ProjectConfigurationPlatforms) = postSolution
		{4100FE32-35B5-4299-96E5-1218E032D793}.Debug|Default.ActiveCfg = Debug
		{4100FE32-35B5-4299-96E5-1218E032D793}.Debug|Default.Build.0 = Debug
		{4100FE32-35B5-4299-96E5-1218E032D793}.Debug|Default.Deploy.0 = Debug
		{4100FE32-35B5-4299-96E5-1218E032D793}.DebugLocal|Default.ActiveCfg = DebugLocal
		{4100FE32-35B5-4299-96E5-1218E032D793}.DebugLocal|Default.Build.0 = DebugLocal
		{4100FE32-35B5-4299-96E5-1218E032D793}.Release|Default.ActiveCfg = Release
		{4100FE32-35B5-4299-96E5-1218E032D793}.Release|Default.Build.0 = Release
		{4100FE32-35B5-4299-96E5-1218E032D793}.Release|Default.Deploy.0 = Release
	EndGlobalSection
	GlobalSection(SolutionProperties) = preSolution
		HideSolutionNode = FALSE
	EndGlobalSection
EndGlobal
