
Microsoft Visual Studio Solution File, Format Version 12.00
# Visual Studio 14
VisualStudioVersion = 14.0.25420.1
MinimumVisualStudioVersion = 10.0.40219.1
Project("{F14B399A-7131-4C87-9E4B-1186C45EF12D}") = "BAR_BadDebtDeceasedPatients", "BAR_BadDebtDeceasedPatients\BAR_BadDebtDeceasedPatients.rptproj", "{2F7DCC8F-F6BB-427D-B55F-EA44762DECBE}"
EndProject
Global
	GlobalSection(SolutionConfigurationPlatforms) = preSolution
		Debug|Default = Debug|Default
		DebugLocal|Default = DebugLocal|Default
		Release|Default = Release|Default
	EndGlobalSection
	GlobalSection(ProjectConfigurationPlatforms) = postSolution
		{2F7DCC8F-F6BB-427D-B55F-EA44762DECBE}.Debug|Default.ActiveCfg = Debug
		{2F7DCC8F-F6BB-427D-B55F-EA44762DECBE}.Debug|Default.Build.0 = Debug
		{2F7DCC8F-F6BB-427D-B55F-EA44762DECBE}.Debug|Default.Deploy.0 = Debug
		{2F7DCC8F-F6BB-427D-B55F-EA44762DECBE}.DebugLocal|Default.ActiveCfg = DebugLocal
		{2F7DCC8F-F6BB-427D-B55F-EA44762DECBE}.DebugLocal|Default.Build.0 = DebugLocal
		{2F7DCC8F-F6BB-427D-B55F-EA44762DECBE}.Release|Default.ActiveCfg = Release
		{2F7DCC8F-F6BB-427D-B55F-EA44762DECBE}.Release|Default.Build.0 = Release
		{2F7DCC8F-F6BB-427D-B55F-EA44762DECBE}.Release|Default.Deploy.0 = Release
	EndGlobalSection
	GlobalSection(SolutionProperties) = preSolution
		HideSolutionNode = FALSE
	EndGlobalSection
EndGlobal
