
Microsoft Visual Studio Solution File, Format Version 12.00
# Visual Studio 14
VisualStudioVersion = 14.0.25420.1
MinimumVisualStudioVersion = 10.0.40219.1
Project("{F14B399A-7131-4C87-9E4B-1186C45EF12D}") = "ActiveEmployeeEmail", "ActiveEmployeeEmail\ActiveEmployeeEmail.rptproj", "{95AC5BA4-5960-494C-AB87-FECF48E5352A}"
EndProject
Global
	GlobalSection(SolutionConfigurationPlatforms) = preSolution
		Debug|Default = Debug|Default
		DebugLocal|Default = DebugLocal|Default
		Release|Default = Release|Default
	EndGlobalSection
	GlobalSection(ProjectConfigurationPlatforms) = postSolution
		{95AC5BA4-5960-494C-AB87-FECF48E5352A}.Debug|Default.ActiveCfg = Debug
		{95AC5BA4-5960-494C-AB87-FECF48E5352A}.Debug|Default.Build.0 = Debug
		{95AC5BA4-5960-494C-AB87-FECF48E5352A}.Debug|Default.Deploy.0 = Debug
		{95AC5BA4-5960-494C-AB87-FECF48E5352A}.DebugLocal|Default.ActiveCfg = DebugLocal
		{95AC5BA4-5960-494C-AB87-FECF48E5352A}.DebugLocal|Default.Build.0 = DebugLocal
		{95AC5BA4-5960-494C-AB87-FECF48E5352A}.Release|Default.ActiveCfg = Release
		{95AC5BA4-5960-494C-AB87-FECF48E5352A}.Release|Default.Build.0 = Release
		{95AC5BA4-5960-494C-AB87-FECF48E5352A}.Release|Default.Deploy.0 = Release
	EndGlobalSection
	GlobalSection(SolutionProperties) = preSolution
		HideSolutionNode = FALSE
	EndGlobalSection
EndGlobal
