
Microsoft Visual Studio Solution File, Format Version 12.00
# Visual Studio 14
VisualStudioVersion = 14.0.25420.1
MinimumVisualStudioVersion = 10.0.40219.1
Project("{F14B399A-7131-4C87-9E4B-1186C45EF12D}") = "InfusionReportRoberta", "InfusionReportRoberta\InfusionReportRoberta.rptproj", "{FF8A5A26-5537-432F-87D9-879FF39F1733}"
EndProject
Global
	GlobalSection(SolutionConfigurationPlatforms) = preSolution
		Debug|Default = Debug|Default
		DebugLocal|Default = DebugLocal|Default
		Release|Default = Release|Default
	EndGlobalSection
	GlobalSection(ProjectConfigurationPlatforms) = postSolution
		{FF8A5A26-5537-432F-87D9-879FF39F1733}.Debug|Default.ActiveCfg = Debug
		{FF8A5A26-5537-432F-87D9-879FF39F1733}.Debug|Default.Build.0 = Debug
		{FF8A5A26-5537-432F-87D9-879FF39F1733}.Debug|Default.Deploy.0 = Debug
		{FF8A5A26-5537-432F-87D9-879FF39F1733}.DebugLocal|Default.ActiveCfg = DebugLocal
		{FF8A5A26-5537-432F-87D9-879FF39F1733}.DebugLocal|Default.Build.0 = DebugLocal
		{FF8A5A26-5537-432F-87D9-879FF39F1733}.Release|Default.ActiveCfg = Release
		{FF8A5A26-5537-432F-87D9-879FF39F1733}.Release|Default.Build.0 = Release
		{FF8A5A26-5537-432F-87D9-879FF39F1733}.Release|Default.Deploy.0 = Release
	EndGlobalSection
	GlobalSection(SolutionProperties) = preSolution
		HideSolutionNode = FALSE
	EndGlobalSection
EndGlobal
