
Microsoft Visual Studio Solution File, Format Version 12.00
# Visual Studio 14
VisualStudioVersion = 14.0.25420.1
MinimumVisualStudioVersion = 10.0.40219.1
Project("{F14B399A-7131-4C87-9E4B-1186C45EF12D}") = "MHU_FU_CALLS", "MHU_FU_CALLS\MHU_FU_CALLS.rptproj", "{2BE0F9E8-ACA8-41A9-A0D8-B9A5F048E6D3}"
EndProject
Global
	GlobalSection(SolutionConfigurationPlatforms) = preSolution
		Debug|Default = Debug|Default
		DebugLocal|Default = DebugLocal|Default
		Release|Default = Release|Default
	EndGlobalSection
	GlobalSection(ProjectConfigurationPlatforms) = postSolution
		{2BE0F9E8-ACA8-41A9-A0D8-B9A5F048E6D3}.Debug|Default.ActiveCfg = Debug
		{2BE0F9E8-ACA8-41A9-A0D8-B9A5F048E6D3}.Debug|Default.Build.0 = Debug
		{2BE0F9E8-ACA8-41A9-A0D8-B9A5F048E6D3}.Debug|Default.Deploy.0 = Debug
		{2BE0F9E8-ACA8-41A9-A0D8-B9A5F048E6D3}.DebugLocal|Default.ActiveCfg = DebugLocal
		{2BE0F9E8-ACA8-41A9-A0D8-B9A5F048E6D3}.DebugLocal|Default.Build.0 = DebugLocal
		{2BE0F9E8-ACA8-41A9-A0D8-B9A5F048E6D3}.Release|Default.ActiveCfg = Release
		{2BE0F9E8-ACA8-41A9-A0D8-B9A5F048E6D3}.Release|Default.Build.0 = Release
		{2BE0F9E8-ACA8-41A9-A0D8-B9A5F048E6D3}.Release|Default.Deploy.0 = Release
	EndGlobalSection
	GlobalSection(SolutionProperties) = preSolution
		HideSolutionNode = FALSE
	EndGlobalSection
EndGlobal
