
Microsoft Visual Studio Solution File, Format Version 12.00
# Visual Studio 14
VisualStudioVersion = 14.0.25420.1
MinimumVisualStudioVersion = 10.0.40219.1
Project("{F14B399A-7131-4C87-9E4B-1186C45EF12D}") = "RAD-STATISTICS_ByLocation", "RAD-STATISTICS_ByLocation\RAD-STATISTICS_ByLocation.rptproj", "{5854A6BD-FC2B-4D5F-A4E0-8E122DCB68E5}"
EndProject
Global
	GlobalSection(SolutionConfigurationPlatforms) = preSolution
		Debug|Default = Debug|Default
		DebugLocal|Default = DebugLocal|Default
		Release|Default = Release|Default
	EndGlobalSection
	GlobalSection(ProjectConfigurationPlatforms) = postSolution
		{5854A6BD-FC2B-4D5F-A4E0-8E122DCB68E5}.Debug|Default.ActiveCfg = Debug
		{5854A6BD-FC2B-4D5F-A4E0-8E122DCB68E5}.Debug|Default.Build.0 = Debug
		{5854A6BD-FC2B-4D5F-A4E0-8E122DCB68E5}.Debug|Default.Deploy.0 = Debug
		{5854A6BD-FC2B-4D5F-A4E0-8E122DCB68E5}.DebugLocal|Default.ActiveCfg = DebugLocal
		{5854A6BD-FC2B-4D5F-A4E0-8E122DCB68E5}.DebugLocal|Default.Build.0 = DebugLocal
		{5854A6BD-FC2B-4D5F-A4E0-8E122DCB68E5}.Release|Default.ActiveCfg = Release
		{5854A6BD-FC2B-4D5F-A4E0-8E122DCB68E5}.Release|Default.Build.0 = Release
		{5854A6BD-FC2B-4D5F-A4E0-8E122DCB68E5}.Release|Default.Deploy.0 = Release
	EndGlobalSection
	GlobalSection(SolutionProperties) = preSolution
		HideSolutionNode = FALSE
	EndGlobalSection
EndGlobal
