
Microsoft Visual Studio Solution File, Format Version 12.00
# Visual Studio 14
VisualStudioVersion = 14.0.25420.1
MinimumVisualStudioVersion = 10.0.40219.1
Project("{F14B399A-7131-4C87-9E4B-1186C45EF12D}") = "PIProject2018-SameDayCancellations", "SCH_SameDayCancellationsOR\PIProject2018-SameDayCancellations.rptproj", "{2A19F7B7-A5F0-44F4-92E4-629B899B89A9}"
EndProject
Global
	GlobalSection(SolutionConfigurationPlatforms) = preSolution
		Debug|Default = Debug|Default
		DebugLocal|Default = DebugLocal|Default
		Release|Default = Release|Default
	EndGlobalSection
	GlobalSection(ProjectConfigurationPlatforms) = postSolution
		{2A19F7B7-A5F0-44F4-92E4-629B899B89A9}.Debug|Default.ActiveCfg = Debug
		{2A19F7B7-A5F0-44F4-92E4-629B899B89A9}.Debug|Default.Build.0 = Debug
		{2A19F7B7-A5F0-44F4-92E4-629B899B89A9}.Debug|Default.Deploy.0 = Debug
		{2A19F7B7-A5F0-44F4-92E4-629B899B89A9}.DebugLocal|Default.ActiveCfg = DebugLocal
		{2A19F7B7-A5F0-44F4-92E4-629B899B89A9}.DebugLocal|Default.Build.0 = DebugLocal
		{2A19F7B7-A5F0-44F4-92E4-629B899B89A9}.Release|Default.ActiveCfg = Release
		{2A19F7B7-A5F0-44F4-92E4-629B899B89A9}.Release|Default.Build.0 = Release
		{2A19F7B7-A5F0-44F4-92E4-629B899B89A9}.Release|Default.Deploy.0 = Release
	EndGlobalSection
	GlobalSection(SolutionProperties) = preSolution
		HideSolutionNode = FALSE
	EndGlobalSection
EndGlobal
