
Microsoft Visual Studio Solution File, Format Version 12.00
# Visual Studio 14
VisualStudioVersion = 14.0.25420.1
MinimumVisualStudioVersion = 10.0.40219.1
Project("{F14B399A-7131-4C87-9E4B-1186C45EF12D}") = "InfectionControl_CentralLine-Biofire", "InfectionControl_CentralLine-Biofire\InfectionControl_CentralLine-Biofire.rptproj", "{09F48E99-7712-47EC-A867-977B66CC50BB}"
EndProject
Global
	GlobalSection(SolutionConfigurationPlatforms) = preSolution
		Debug|Default = Debug|Default
		DebugLocal|Default = DebugLocal|Default
		Release|Default = Release|Default
	EndGlobalSection
	GlobalSection(ProjectConfigurationPlatforms) = postSolution
		{09F48E99-7712-47EC-A867-977B66CC50BB}.Debug|Default.ActiveCfg = Debug
		{09F48E99-7712-47EC-A867-977B66CC50BB}.Debug|Default.Build.0 = Debug
		{09F48E99-7712-47EC-A867-977B66CC50BB}.Debug|Default.Deploy.0 = Debug
		{09F48E99-7712-47EC-A867-977B66CC50BB}.DebugLocal|Default.ActiveCfg = DebugLocal
		{09F48E99-7712-47EC-A867-977B66CC50BB}.DebugLocal|Default.Build.0 = DebugLocal
		{09F48E99-7712-47EC-A867-977B66CC50BB}.Release|Default.ActiveCfg = Release
		{09F48E99-7712-47EC-A867-977B66CC50BB}.Release|Default.Build.0 = Release
		{09F48E99-7712-47EC-A867-977B66CC50BB}.Release|Default.Deploy.0 = Release
	EndGlobalSection
	GlobalSection(SolutionProperties) = preSolution
		HideSolutionNode = FALSE
	EndGlobalSection
EndGlobal
