
Microsoft Visual Studio Solution File, Format Version 12.00
# Visual Studio 14
VisualStudioVersion = 14.0.25420.1
MinimumVisualStudioVersion = 10.0.40219.1
Project("{F14B399A-7131-4C87-9E4B-1186C45EF12D}") = "ADM_MarketingQuery", "ADM_MarketingQuery\ADM_MarketingQuery.rptproj", "{4CFAD937-215E-4469-B92B-2C011A39BC7E}"
EndProject
Global
	GlobalSection(SolutionConfigurationPlatforms) = preSolution
		Debug|Default = Debug|Default
		DebugLocal|Default = DebugLocal|Default
		Release|Default = Release|Default
	EndGlobalSection
	GlobalSection(ProjectConfigurationPlatforms) = postSolution
		{4CFAD937-215E-4469-B92B-2C011A39BC7E}.Debug|Default.ActiveCfg = Debug
		{4CFAD937-215E-4469-B92B-2C011A39BC7E}.Debug|Default.Build.0 = Debug
		{4CFAD937-215E-4469-B92B-2C011A39BC7E}.Debug|Default.Deploy.0 = Debug
		{4CFAD937-215E-4469-B92B-2C011A39BC7E}.DebugLocal|Default.ActiveCfg = DebugLocal
		{4CFAD937-215E-4469-B92B-2C011A39BC7E}.DebugLocal|Default.Build.0 = DebugLocal
		{4CFAD937-215E-4469-B92B-2C011A39BC7E}.Release|Default.ActiveCfg = Release
		{4CFAD937-215E-4469-B92B-2C011A39BC7E}.Release|Default.Build.0 = Release
		{4CFAD937-215E-4469-B92B-2C011A39BC7E}.Release|Default.Deploy.0 = Release
	EndGlobalSection
	GlobalSection(SolutionProperties) = preSolution
		HideSolutionNode = FALSE
	EndGlobalSection
EndGlobal
