
Microsoft Visual Studio Solution File, Format Version 12.00
# Visual Studio 14
VisualStudioVersion = 14.0.25420.1
MinimumVisualStudioVersion = 10.0.40219.1
Project("{F14B399A-7131-4C87-9E4B-1186C45EF12D}") = "ADM_FoundationInpatDischarges", "ADM_FoundationInpatDischarges\ADM_FoundationInpatDischarges.rptproj", "{8B7F0549-A543-417A-A1C5-5B8EFB48FC27}"
EndProject
Global
	GlobalSection(SolutionConfigurationPlatforms) = preSolution
		Debug|Default = Debug|Default
		DebugLocal|Default = DebugLocal|Default
		Release|Default = Release|Default
	EndGlobalSection
	GlobalSection(ProjectConfigurationPlatforms) = postSolution
		{8B7F0549-A543-417A-A1C5-5B8EFB48FC27}.Debug|Default.ActiveCfg = Debug
		{8B7F0549-A543-417A-A1C5-5B8EFB48FC27}.Debug|Default.Build.0 = Debug
		{8B7F0549-A543-417A-A1C5-5B8EFB48FC27}.Debug|Default.Deploy.0 = Debug
		{8B7F0549-A543-417A-A1C5-5B8EFB48FC27}.DebugLocal|Default.ActiveCfg = DebugLocal
		{8B7F0549-A543-417A-A1C5-5B8EFB48FC27}.DebugLocal|Default.Build.0 = DebugLocal
		{8B7F0549-A543-417A-A1C5-5B8EFB48FC27}.Release|Default.ActiveCfg = Release
		{8B7F0549-A543-417A-A1C5-5B8EFB48FC27}.Release|Default.Build.0 = Release
		{8B7F0549-A543-417A-A1C5-5B8EFB48FC27}.Release|Default.Deploy.0 = Release
	EndGlobalSection
	GlobalSection(SolutionProperties) = preSolution
		HideSolutionNode = FALSE
	EndGlobalSection
EndGlobal
