
Microsoft Visual Studio Solution File, Format Version 12.00
# Visual Studio 14
VisualStudioVersion = 14.0.25420.1
MinimumVisualStudioVersion = 10.0.40219.1
Project("{F14B399A-7131-4C87-9E4B-1186C45EF12D}") = "RAD-Dictionary_CPT_CHARGE_BILLPROC", "RAD-Dictionary_CPT_CHARGE_BILLPROC\RAD-Dictionary_CPT_CHARGE_BILLPROC.rptproj", "{25539CDA-789F-4032-BDF5-221714698AC6}"
EndProject
Global
	GlobalSection(SolutionConfigurationPlatforms) = preSolution
		Debug|Default = Debug|Default
		DebugLocal|Default = DebugLocal|Default
		Release|Default = Release|Default
	EndGlobalSection
	GlobalSection(ProjectConfigurationPlatforms) = postSolution
		{25539CDA-789F-4032-BDF5-221714698AC6}.Debug|Default.ActiveCfg = Debug
		{25539CDA-789F-4032-BDF5-221714698AC6}.Debug|Default.Build.0 = Debug
		{25539CDA-789F-4032-BDF5-221714698AC6}.Debug|Default.Deploy.0 = Debug
		{25539CDA-789F-4032-BDF5-221714698AC6}.DebugLocal|Default.ActiveCfg = DebugLocal
		{25539CDA-789F-4032-BDF5-221714698AC6}.DebugLocal|Default.Build.0 = DebugLocal
		{25539CDA-789F-4032-BDF5-221714698AC6}.Release|Default.ActiveCfg = Release
		{25539CDA-789F-4032-BDF5-221714698AC6}.Release|Default.Build.0 = Release
		{25539CDA-789F-4032-BDF5-221714698AC6}.Release|Default.Deploy.0 = Release
	EndGlobalSection
	GlobalSection(SolutionProperties) = preSolution
		HideSolutionNode = FALSE
	EndGlobalSection
EndGlobal
