
Microsoft Visual Studio Solution File, Format Version 12.00
# Visual Studio 14
VisualStudioVersion = 14.0.25420.1
MinimumVisualStudioVersion = 10.0.40219.1
Project("{F14B399A-7131-4C87-9E4B-1186C45EF12D}") = "PT-OT-ST_OEProcPrevDay", "PT-OT-ST_OEProcPrevDay\PT-OT-ST_OEProcPrevDay.rptproj", "{DD45A2F7-847A-4A5D-851F-301E8C1389BA}"
EndProject
Global
	GlobalSection(SolutionConfigurationPlatforms) = preSolution
		Debug|Default = Debug|Default
		DebugLocal|Default = DebugLocal|Default
		Release|Default = Release|Default
	EndGlobalSection
	GlobalSection(ProjectConfigurationPlatforms) = postSolution
		{DD45A2F7-847A-4A5D-851F-301E8C1389BA}.Debug|Default.ActiveCfg = Debug
		{DD45A2F7-847A-4A5D-851F-301E8C1389BA}.Debug|Default.Build.0 = Debug
		{DD45A2F7-847A-4A5D-851F-301E8C1389BA}.Debug|Default.Deploy.0 = Debug
		{DD45A2F7-847A-4A5D-851F-301E8C1389BA}.DebugLocal|Default.ActiveCfg = DebugLocal
		{DD45A2F7-847A-4A5D-851F-301E8C1389BA}.DebugLocal|Default.Build.0 = DebugLocal
		{DD45A2F7-847A-4A5D-851F-301E8C1389BA}.Release|Default.ActiveCfg = Release
		{DD45A2F7-847A-4A5D-851F-301E8C1389BA}.Release|Default.Build.0 = Release
		{DD45A2F7-847A-4A5D-851F-301E8C1389BA}.Release|Default.Deploy.0 = Release
	EndGlobalSection
	GlobalSection(SolutionProperties) = preSolution
		HideSolutionNode = FALSE
	EndGlobalSection
EndGlobal
