
Microsoft Visual Studio Solution File, Format Version 12.00
# Visual Studio 14
VisualStudioVersion = 14.0.25420.1
MinimumVisualStudioVersion = 10.0.40219.1
Project("{F14B399A-7131-4C87-9E4B-1186C45EF12D}") = "CASEMANAGEMENT_INPAT-OBS_REPORT", "CASEMANAGEMENT_INPAT-OBS_REPORT\CASEMANAGEMENT_INPAT-OBS_REPORT.rptproj", "{895281F6-338D-4C7E-8417-18852DC3F605}"
EndProject
Global
	GlobalSection(SolutionConfigurationPlatforms) = preSolution
		Debug|Default = Debug|Default
		DebugLocal|Default = DebugLocal|Default
		Release|Default = Release|Default
	EndGlobalSection
	GlobalSection(ProjectConfigurationPlatforms) = postSolution
		{895281F6-338D-4C7E-8417-18852DC3F605}.Debug|Default.ActiveCfg = Debug
		{895281F6-338D-4C7E-8417-18852DC3F605}.Debug|Default.Build.0 = Debug
		{895281F6-338D-4C7E-8417-18852DC3F605}.Debug|Default.Deploy.0 = Debug
		{895281F6-338D-4C7E-8417-18852DC3F605}.DebugLocal|Default.ActiveCfg = DebugLocal
		{895281F6-338D-4C7E-8417-18852DC3F605}.DebugLocal|Default.Build.0 = DebugLocal
		{895281F6-338D-4C7E-8417-18852DC3F605}.Release|Default.ActiveCfg = Release
		{895281F6-338D-4C7E-8417-18852DC3F605}.Release|Default.Build.0 = Release
		{895281F6-338D-4C7E-8417-18852DC3F605}.Release|Default.Deploy.0 = Release
	EndGlobalSection
	GlobalSection(SolutionProperties) = preSolution
		HideSolutionNode = FALSE
	EndGlobalSection
EndGlobal
