
Microsoft Visual Studio Solution File, Format Version 12.00
# Visual Studio 14
VisualStudioVersion = 14.0.25420.1
MinimumVisualStudioVersion = 10.0.40219.1
Project("{F14B399A-7131-4C87-9E4B-1186C45EF12D}") = "InfectionControl_DiagnosisSearch", "InfectionControl_DiagnosisSearch\InfectionControl_DiagnosisSearch.rptproj", "{FE11651C-0717-4CC2-8984-228BEB995459}"
EndProject
Global
	GlobalSection(SolutionConfigurationPlatforms) = preSolution
		Debug|Default = Debug|Default
		DebugLocal|Default = DebugLocal|Default
		Release|Default = Release|Default
	EndGlobalSection
	GlobalSection(ProjectConfigurationPlatforms) = postSolution
		{FE11651C-0717-4CC2-8984-228BEB995459}.Debug|Default.ActiveCfg = Debug
		{FE11651C-0717-4CC2-8984-228BEB995459}.Debug|Default.Build.0 = Debug
		{FE11651C-0717-4CC2-8984-228BEB995459}.Debug|Default.Deploy.0 = Debug
		{FE11651C-0717-4CC2-8984-228BEB995459}.DebugLocal|Default.ActiveCfg = DebugLocal
		{FE11651C-0717-4CC2-8984-228BEB995459}.DebugLocal|Default.Build.0 = DebugLocal
		{FE11651C-0717-4CC2-8984-228BEB995459}.Release|Default.ActiveCfg = Release
		{FE11651C-0717-4CC2-8984-228BEB995459}.Release|Default.Build.0 = Release
		{FE11651C-0717-4CC2-8984-228BEB995459}.Release|Default.Deploy.0 = Release
	EndGlobalSection
	GlobalSection(SolutionProperties) = preSolution
		HideSolutionNode = FALSE
	EndGlobalSection
EndGlobal
