
Microsoft Visual Studio Solution File, Format Version 12.00
# Visual Studio 14
VisualStudioVersion = 14.0.25420.1
MinimumVisualStudioVersion = 10.0.40219.1
Project("{F14B399A-7131-4C87-9E4B-1186C45EF12D}") = "RAD-Statistics_OrdProvTOTAL", "RAD-Statistics_OrdProvTOTAL\RAD-Statistics_OrdProvTOTAL.rptproj", "{C558BD49-3681-412D-8D1D-4A0FE542A57B}"
EndProject
Global
	GlobalSection(SolutionConfigurationPlatforms) = preSolution
		Debug|Default = Debug|Default
		DebugLocal|Default = DebugLocal|Default
		Release|Default = Release|Default
	EndGlobalSection
	GlobalSection(ProjectConfigurationPlatforms) = postSolution
		{C558BD49-3681-412D-8D1D-4A0FE542A57B}.Debug|Default.ActiveCfg = Debug
		{C558BD49-3681-412D-8D1D-4A0FE542A57B}.Debug|Default.Build.0 = Debug
		{C558BD49-3681-412D-8D1D-4A0FE542A57B}.Debug|Default.Deploy.0 = Debug
		{C558BD49-3681-412D-8D1D-4A0FE542A57B}.DebugLocal|Default.ActiveCfg = DebugLocal
		{C558BD49-3681-412D-8D1D-4A0FE542A57B}.DebugLocal|Default.Build.0 = DebugLocal
		{C558BD49-3681-412D-8D1D-4A0FE542A57B}.Release|Default.ActiveCfg = Release
		{C558BD49-3681-412D-8D1D-4A0FE542A57B}.Release|Default.Build.0 = Release
		{C558BD49-3681-412D-8D1D-4A0FE542A57B}.Release|Default.Deploy.0 = Release
	EndGlobalSection
	GlobalSection(SolutionProperties) = preSolution
		HideSolutionNode = FALSE
	EndGlobalSection
EndGlobal
