
Microsoft Visual Studio Solution File, Format Version 12.00
# Visual Studio 14
VisualStudioVersion = 14.0.25420.1
MinimumVisualStudioVersion = 10.0.40219.1
Project("{F14B399A-7131-4C87-9E4B-1186C45EF12D}") = "Procedures_FinalAbstract", "Report Project2\Procedures_FinalAbstract.rptproj", "{7EB23A2D-35BF-47F2-B5B3-CCF782B1E6C1}"
EndProject
Global
	GlobalSection(SolutionConfigurationPlatforms) = preSolution
		Debug|Default = Debug|Default
		DebugLocal|Default = DebugLocal|Default
		Release|Default = Release|Default
	EndGlobalSection
	GlobalSection(ProjectConfigurationPlatforms) = postSolution
		{7EB23A2D-35BF-47F2-B5B3-CCF782B1E6C1}.Debug|Default.ActiveCfg = Debug
		{7EB23A2D-35BF-47F2-B5B3-CCF782B1E6C1}.Debug|Default.Build.0 = Debug
		{7EB23A2D-35BF-47F2-B5B3-CCF782B1E6C1}.Debug|Default.Deploy.0 = Debug
		{7EB23A2D-35BF-47F2-B5B3-CCF782B1E6C1}.DebugLocal|Default.ActiveCfg = DebugLocal
		{7EB23A2D-35BF-47F2-B5B3-CCF782B1E6C1}.DebugLocal|Default.Build.0 = DebugLocal
		{7EB23A2D-35BF-47F2-B5B3-CCF782B1E6C1}.Release|Default.ActiveCfg = Release
		{7EB23A2D-35BF-47F2-B5B3-CCF782B1E6C1}.Release|Default.Build.0 = Release
		{7EB23A2D-35BF-47F2-B5B3-CCF782B1E6C1}.Release|Default.Deploy.0 = Release
	EndGlobalSection
	GlobalSection(SolutionProperties) = preSolution
		HideSolutionNode = FALSE
	EndGlobalSection
EndGlobal
