
Microsoft Visual Studio Solution File, Format Version 12.00
# Visual Studio 14
VisualStudioVersion = 14.0.25420.1
MinimumVisualStudioVersion = 10.0.40219.1
Project("{F14B399A-7131-4C87-9E4B-1186C45EF12D}") = "InfectionControl_CentralLine", "InfectionControl_CentralLine\InfectionControl_CentralLine.rptproj", "{662BCD77-75B4-4090-8342-8A6DDC061928}"
EndProject
Global
	GlobalSection(SolutionConfigurationPlatforms) = preSolution
		Debug|Default = Debug|Default
		DebugLocal|Default = DebugLocal|Default
		Release|Default = Release|Default
	EndGlobalSection
	GlobalSection(ProjectConfigurationPlatforms) = postSolution
		{662BCD77-75B4-4090-8342-8A6DDC061928}.Debug|Default.ActiveCfg = Debug
		{662BCD77-75B4-4090-8342-8A6DDC061928}.Debug|Default.Build.0 = Debug
		{662BCD77-75B4-4090-8342-8A6DDC061928}.Debug|Default.Deploy.0 = Debug
		{662BCD77-75B4-4090-8342-8A6DDC061928}.DebugLocal|Default.ActiveCfg = DebugLocal
		{662BCD77-75B4-4090-8342-8A6DDC061928}.DebugLocal|Default.Build.0 = DebugLocal
		{662BCD77-75B4-4090-8342-8A6DDC061928}.Release|Default.ActiveCfg = Release
		{662BCD77-75B4-4090-8342-8A6DDC061928}.Release|Default.Build.0 = Release
		{662BCD77-75B4-4090-8342-8A6DDC061928}.Release|Default.Deploy.0 = Release
	EndGlobalSection
	GlobalSection(SolutionProperties) = preSolution
		HideSolutionNode = FALSE
	EndGlobalSection
EndGlobal
