
Microsoft Visual Studio Solution File, Format Version 12.00
# Visual Studio 14
VisualStudioVersion = 14.0.25420.1
MinimumVisualStudioVersion = 10.0.40219.1
Project("{F14B399A-7131-4C87-9E4B-1186C45EF12D}") = "Receipt_Log", "Receipt_Log\Receipt_Log.rptproj", "{5AEF71AA-AF59-4ABD-919C-51111887DA8C}"
EndProject
Global
	GlobalSection(SolutionConfigurationPlatforms) = preSolution
		Debug|Default = Debug|Default
		DebugLocal|Default = DebugLocal|Default
		Release|Default = Release|Default
	EndGlobalSection
	GlobalSection(ProjectConfigurationPlatforms) = postSolution
		{5AEF71AA-AF59-4ABD-919C-51111887DA8C}.Debug|Default.ActiveCfg = Debug
		{5AEF71AA-AF59-4ABD-919C-51111887DA8C}.Debug|Default.Build.0 = Debug
		{5AEF71AA-AF59-4ABD-919C-51111887DA8C}.Debug|Default.Deploy.0 = Debug
		{5AEF71AA-AF59-4ABD-919C-51111887DA8C}.DebugLocal|Default.ActiveCfg = DebugLocal
		{5AEF71AA-AF59-4ABD-919C-51111887DA8C}.DebugLocal|Default.Build.0 = DebugLocal
		{5AEF71AA-AF59-4ABD-919C-51111887DA8C}.Release|Default.ActiveCfg = Release
		{5AEF71AA-AF59-4ABD-919C-51111887DA8C}.Release|Default.Build.0 = Release
		{5AEF71AA-AF59-4ABD-919C-51111887DA8C}.Release|Default.Deploy.0 = Release
	EndGlobalSection
	GlobalSection(SolutionProperties) = preSolution
		HideSolutionNode = FALSE
	EndGlobalSection
EndGlobal
